
Microsoft Visual Studio Solution File, Format Version 12.00
# Visual Studio Version 17
VisualStudioVersion = 17.3.32901.215
MinimumVisualStudioVersion = 10.0.40219.1
Project("{FAE04EC0-301F-11D3-BF4B-00C04F79EFBC}") = "fordongusu4-1504", "fordongusu4-1504\fordongusu4-1504.csproj", "{04DD728C-8532-41C6-A914-65C25D1881CF}"
EndProject
Global
	GlobalSection(SolutionConfigurationPlatforms) = preSolution
		Debug|Any CPU = Debug|Any CPU
		Release|Any CPU = Release|Any CPU
	EndGlobalSection
	GlobalSection(ProjectConfigurationPlatforms) = postSolution
		{04DD728C-8532-41C6-A914-65C25D1881CF}.Debug|Any CPU.ActiveCfg = Debug|Any CPU
		{04DD728C-8532-41C6-A914-65C25D1881CF}.Debug|Any CPU.Build.0 = Debug|Any CPU
		{04DD728C-8532-41C6-A914-65C25D1881CF}.Release|Any CPU.ActiveCfg = Release|Any CPU
		{04DD728C-8532-41C6-A914-65C25D1881CF}.Release|Any CPU.Build.0 = Release|Any CPU
	EndGlobalSection
	GlobalSection(SolutionProperties) = preSolution
		HideSolutionNode = FALSE
	EndGlobalSection
	GlobalSection(ExtensibilityGlobals) = postSolution
		SolutionGuid = {D010B983-DB6C-4984-83CA-0781BFFB4829}
	EndGlobalSection
EndGlobal
